lockfileVersion: '9.0'

settings:
  autoInstallPeers: true
  excludeLinksFromLockfile: false

importers:

  .:
    dependencies:
      adm-zip:
        specifier: ^0.5.17
        version: 0.5.17
      axios:
        specifier: ^1.16.1
        version: 1.16.1
      tomate-launcher-core:
        specifier: 'link:'
        version: 'link:'
    devDependencies:
      '@types/adm-zip':
        specifier: ^0.5.8
        version: 0.5.8
      '@types/cli-progress':
        specifier: ^3.11.6
        version: 3.11.6
      '@types/node':
        specifier: ^25.9.3
        version: 25.9.4
      chalk:
        specifier: ^5.6.2
        version: 5.6.2
      cli-progress:
        specifier: ^3.12.0
        version: 3.12.0
      multi-progress-bars:
        specifier: ^5.0.3
        version: 5.0.3
      tomate-loaders:
        specifier: github:Tomate0613/tomate-loaders
        version: https://codeload.github.com/Tomate0613/tomate-loaders/tar.gz/e5d7e3478d36bed4ad6438d75f58de25f1cac389
      tslib:
        specifier: ^2.8.1
        version: 2.8.1
      typescript:
        specifier: ^6.0.3
        version: 6.0.3
      uuid:
        specifier: ^13.0.2
        version: 13.0.2

packages:

  '@types/adm-zip@0.5.8':
    resolution: {integrity: sha512-RVVH7QvZYbN+ihqZ4kX/dMiowf6o+Jk1fNwiSdx0NahBJLU787zkULhGhJM8mf/obmLGmgdMM0bXsQTmyfbR7Q==}

  '@types/cli-progress@3.11.6':
    resolution: {integrity: sha512-cE3+jb9WRlu+uOSAugewNpITJDt1VF8dHOopPO4IABFc3SXYL5WE/+PTz/FCdZRRfIujiWW3n3aMbv1eIGVRWA==}

  '@types/node@25.9.1':
    resolution: {integrity: sha512-xfrlY7UD5rMJk3ZVJP8BNzS28J36YJg+xp+LPXV1TdWxr8uMH5A860QNxYDGQe/ylDSgjxE52Q9VnO7p75tJxg==}

  '@types/node@25.9.4':
    resolution: {integrity: sha512-dszCsrKb5U7ZsVZBWiHFklTloVl0mSEnWH/iZXfZUlI4rzCUnsvGmgqfuVRHL54ugE7/wRuxEIXRa2iMZ+BG6g==}

  '@types/xml2js@0.4.14':
    resolution: {integrity: sha512-4YnrRemBShWRO2QjvUin8ESA41rH+9nQGLUGZV/1IDhi3SL9OhdpNC/MrulTWuptXKwhx/aDxE7toV0f/ypIXQ==}

  adm-zip@0.5.17:
    resolution: {integrity: sha512-+Ut8d9LLqwEvHHJl1+PIHqoyDxFgVN847JTVM3Izi3xHDWPE4UtzzXysMZQs64DMcrJfBeS/uoEP4AD3HQHnQQ==}
    engines: {node: '>=12.0'}

  agent-base@6.0.2:
    resolution: {integrity: sha512-RZNwNclF7+MS/8bDg70amg32dyeZGZxiDuQmZxKLAlQjr3jGyLx+4Kkk58UO7D2QdgFIQCovuSuZESne6RG6XQ==}
    engines: {node: '>= 6.0.0'}

  ansi-regex@5.0.1:
    resolution: {integrity: sha512-quJQXlTSUGL2LH9SUXo8VwsY4soanhgo6LNSm84E1LBcE8s3O0wpdiRzyR9z/ZZJMlMWv37qOOb9pdJlMUEKFQ==}
    engines: {node: '>=8'}

  ansi-regex@6.2.2:
    resolution: {integrity: sha512-Bq3SmSpyFHaWjPk8If9yc6svM8c56dB5BAtW4Qbw5jHTwwXXcTLoRMkpDJp6VL0XzlWaCHTXrkFURMYmD0sLqg==}
    engines: {node: '>=12'}

  asynckit@0.4.0:
    resolution: {integrity: sha512-Oei9OH4tRh0YqU3GxhX79dM/mwVgvbZJaSNaRk+bshkj0S5cfHcgYakreBjrHwatXKbz+IoIdYLxrKim2MjW0Q==}

  axios@1.16.1:
    resolution: {integrity: sha512-caYkukvroVPO8KrzuJEb50Hm07KwfBZPEC3VeFHTsqWHvKTsy54hjJz9BS/cdaypROE2rH6xvm9mHX4fgWkr3A==}

  call-bind-apply-helpers@1.0.2:
    resolution: {integrity: sha512-Sp1ablJ0ivDkSzjcaJdxEunN5/XvksFJ2sMBFfq6x0ryhQV/2b/KwFe21cMpmHtPOSij8K99/wSfoEuTObmuMQ==}
    engines: {node: '>= 0.4'}

  chalk@5.6.2:
    resolution: {integrity: sha512-7NzBL0rN6fMUW+f7A6Io4h40qQlG+xGmtMxfbnH/K7TAtt8JQWVQK+6g0UXKMeVJoyV5EkkNsErQ8pVD3bLHbA==}
    engines: {node: ^12.17.0 || ^14.13 || >=16.0.0}

  cli-progress@3.12.0:
    resolution: {integrity: sha512-tRkV3HJ1ASwm19THiiLIXLO7Im7wlTuKnvkYaTkyoAPefqjNg7W7DHKUlGRxy9vxDvbyCYQkQozvptuMkGCg8A==}
    engines: {node: '>=4'}

  combined-stream@1.0.8:
    resolution: {integrity: sha512-FQN4MRfuJeHf7cBbBMJFXhKSDq+2kAArBlmRBvcvFE5BB1HZKXtSFASDhdlz9zOYwxh8lDdnvmMOe/+5cdoEdg==}
    engines: {node: '>= 0.8'}

  debug@4.4.3:
    resolution: {integrity: sha512-RGwwWnwQvkVfavKVt22FGLw+xYSdzARwm0ru6DhTVA3umU5hZc28V3kO4stgYryrTlLpuvgI9GiijltAjNbcqA==}
    engines: {node: '>=6.0'}
    peerDependencies:
      supports-color: '*'
    peerDependenciesMeta:
      supports-color:
        optional: true

  delayed-stream@1.0.0:
    resolution: {integrity: sha512-ZySD7Nf91aLB0RxL4KGrKHBXl7Eds1DAmEdcoVawXnLD7SDhpNgtuII2aAkg7a7QS41jxPSZ17p4VdGnMHk3MQ==}
    engines: {node: '>=0.4.0'}

  dunder-proto@1.0.1:
    resolution: {integrity: sha512-KIN/nDJBQRcXw0MLVhZE9iQHmG68qAVIBg9CqmUYjmQIhgij9U5MFvrqkUL5FbtyyzZuOeOt0zdeRe4UY7ct+A==}
    engines: {node: '>= 0.4'}

  eastasianwidth@0.2.0:
    resolution: {integrity: sha512-I88TYZWc9XiYHRQ4/3c5rjjfgkjhLyW2luGIheGERbNQ6OY7yTybanSpDXZa8y7VUP9YmDcYa+eyq4ca7iLqWA==}

  emoji-regex@8.0.0:
    resolution: {integrity: sha512-MSjYzcWNOA0ewAHpz0MxpYFvwg6yjy1NG3xteoqz644VCo/RPgnr1/GGt+ic3iJTzQ8Eu3TdM14SawnVUmGE6A==}

  emoji-regex@9.2.2:
    resolution: {integrity: sha512-L18DaJsXSUk2+42pv8mLs5jJT2hqFkFE4j21wOmgbUqsZ2hL72NsUU785g9RXgo3s0ZNgVl42TiHp3ZtOv/Vyg==}

  es-define-property@1.0.1:
    resolution: {integrity: sha512-e3nRfgfUZ4rNGL232gUgX06QNyyez04KdjFrF+LTRoOXmrOgFKDg4BCdsjW8EnT69eqdYGmRpJwiPVYNrCaW3g==}
    engines: {node: '>= 0.4'}

  es-errors@1.3.0:
    resolution: {integrity: sha512-Zf5H2Kxt2xjTvbJvP2ZWLEICxA6j+hAmMzIlypy4xcBg1vKVnx89Wy0GbS+kf5cwCVFFzdCFh2XSCFNULS6csw==}
    engines: {node: '>= 0.4'}

  es-object-atoms@1.1.2:
    resolution: {integrity: sha512-HWcBoN6NileqtSydK2FqHbS/LoDd2pqrnQHLyJzBj4kOp/ky2MWMN694xOfkK8/SnUsW2DH7EfyVlydKCsm1Zw==}
    engines: {node: '>= 0.4'}

  es-set-tostringtag@2.1.0:
    resolution: {integrity: sha512-j6vWzfrGVfyXxge+O0x5sh6cvxAog0a/4Rdd2K36zCMV5eJ+/+tOAngRO8cODMNWbVRdVlmGZQL2YS3yR8bIUA==}
    engines: {node: '>= 0.4'}

  follow-redirects@1.16.0:
    resolution: {integrity: sha512-y5rN/uOsadFT/JfYwhxRS5R7Qce+g3zG97+JrtFZlC9klX/W5hD7iiLzScI4nZqUS7DNUdhPgw4xI8W2LuXlUw==}
    engines: {node: '>=4.0'}
    peerDependencies:
      debug: '*'
    peerDependenciesMeta:
      debug:
        optional: true

  form-data@4.0.5:
    resolution: {integrity: sha512-8RipRLol37bNs2bhoV67fiTEvdTrbMUYcFTiy3+wuuOnUog2QBHCZWXDRijWQfAkhBj2Uf5UnVaiWwA5vdd82w==}
    engines: {node: '>= 6'}

  function-bind@1.1.2:
    resolution: {integrity: sha512-7XHNxH7qX9xG5mIwxkhumTox/MIRNcOgDrxWsMt2pAr23WHp6MrRlN7FBSFpCpr+oVO0F744iUgR82nJMfG2SA==}

  get-intrinsic@1.3.0:
    resolution: {integrity: sha512-9fSjSaos/fRIVIp+xSJlE6lfwhES7LNtKaCBIamHsjr2na1BiABJPo0mOjjz8GJDURarmCPGqaiVg5mfjb98CQ==}
    engines: {node: '>= 0.4'}

  get-proto@1.0.1:
    resolution: {integrity: sha512-sTSfBjoXBp89JvIKIefqw7U2CCebsc74kiY6awiGogKtoSGbgjYE/G/+l9sF3MWFPNc9IcoOC4ODfKHfxFmp0g==}
    engines: {node: '>= 0.4'}

  gopd@1.2.0:
    resolution: {integrity: sha512-ZUKRh6/kUFoAiTAtTYPZJ3hw9wNxx+BIBOijnlG9PnrJsCcSjs1wyyD6vJpaYtgnzDrKYRSqf3OO6Rfa93xsRg==}
    engines: {node: '>= 0.4'}

  has-symbols@1.1.0:
    resolution: {integrity: sha512-1cDNdwJ2Jaohmb3sg4OmKaMBwuC48sYni5HUw2DvsC8LjGTLK9h+eb1X6RyuOHe4hT0ULCW68iomhjUoKUqlPQ==}
    engines: {node: '>= 0.4'}

  has-tostringtag@1.0.2:
    resolution: {integrity: sha512-NqADB8VjPFLM2V0VvHUewwwsw0ZWBaIdgo+ieHtK3hasLz4qeCRjYcqfB6AQrBggRKppKF8L52/VqdVsO47Dlw==}
    engines: {node: '>= 0.4'}

  hasown@2.0.4:
    resolution: {integrity: sha512-T2UbfbBEF32wiepXIsMlTW9+dDYC6wMh/t/vYA4tuOMKqWz/n3vr1NFSxQiyP+zk2mXsoMA/i/7qV6LKut1t1A==}
    engines: {node: '>= 0.4'}

  https-proxy-agent@5.0.1:
    resolution: {integrity: sha512-dFcAjpTQFgoLMzC2VwU+C/CbS7uRL0lWmxDITmqm7C+7F0Odmj6s9l6alZc6AELXhrnggM2CeWSXHGOdX2YtwA==}
    engines: {node: '>= 6'}

  is-fullwidth-code-point@3.0.0:
    resolution: {integrity: sha512-zymm5+u+sCsSWyD9qNaejV3DFvhCKclKdizYaJUuHA83RLjb7nSuGnddCHGv0hk+KY7BMAlsWeK4Ueg6EV6XQg==}
    engines: {node: '>=8'}

  math-intrinsics@1.1.0:
    resolution: {integrity: sha512-/IXtbwEk5HTPyEwyKX6hGkYXxM9nbj64B+ilVJnC/R6B0pH5G4V3b0pVbL7DBj4tkhBAppbQUlf6F6Xl9LHu1g==}
    engines: {node: '>= 0.4'}

  mime-db@1.52.0:
    resolution: {integrity: sha512-sPU4uV7dYlvtWJxwwxHD0PuihVNiE7TyAbQ5SWxDCB9mUYvOgroQOwYQQOKPJ8CIbE+1ETVlOoK1UC2nU3gYvg==}
    engines: {node: '>= 0.6'}

  mime-types@2.1.35:
    resolution: {integrity: sha512-ZDY+bPm5zTTF+YpCrAU9nK0UgICYPT0QtT1NZWFv4s++TNkcgVaT0g6+4R2uI4MjQjzysHB1zxuWL50hzaeXiw==}
    engines: {node: '>= 0.6'}

  ms@2.1.3:
    resolution: {integrity: sha512-6FlzubTLZG3J2a/NVCAleEhjzq5oxgHyaCU9yYXvcLsvoVaHJq/s5xXI6/XXP6tz7R9xAOtHnSO/tXtF3WRTlA==}

  multi-progress-bars@5.0.3:
    resolution: {integrity: sha512-/EzDF3NVeYTFLoLQ33fgvM6933rS2MZlEPWBivsc94Y/lj2xpWOs/DpJrCG+XrPOo4/P6DW+oxZyKnRKw0d/nQ==}
    engines: {node: '>14.18.0'}

  proxy-from-env@2.1.0:
    resolution: {integrity: sha512-cJ+oHTW1VAEa8cJslgmUZrc+sjRKgAKl3Zyse6+PV38hZe/V6Z14TbCuXcan9F9ghlz4QrFr2c92TNF82UkYHA==}
    engines: {node: '>=10'}

  sax@1.6.0:
    resolution: {integrity: sha512-6R3J5M4AcbtLUdZmRv2SygeVaM7IhrLXu9BmnOGmmACak8fiUtOsYNWUS4uK7upbmHIBbLBeFeI//477BKLBzA==}
    engines: {node: '>=11.0.0'}

  string-width@4.2.3:
    resolution: {integrity: sha512-wKyQRQpjJ0sIp62ErSZdGsjMJWsap5oRNihHhu6G7JVO/9jIB6UyevL+tXuOqrng8j/cxKTWyWUwvSTriiZz/g==}
    engines: {node: '>=8'}

  string-width@5.1.2:
    resolution: {integrity: sha512-HnLOCR3vjcY8beoNLtcjZ5/nxn2afmME6lhrDrebokqMap+XbeW8n9TXpPDOqdGK5qcI3oT0GKTW6wC7EMiVqA==}
    engines: {node: '>=12'}

  strip-ansi@6.0.1:
    resolution: {integrity: sha512-Y38VPSHcqkFrCpFnQ9vuSXmquuv5oXOKpGeT6aGrr3o3Gc9AlVa6JBfUSOCnbxGGZF+/0ooI7KrPuUSztUdU5A==}
    engines: {node: '>=8'}

  strip-ansi@7.0.1:
    resolution: {integrity: sha512-cXNxvT8dFNRVfhVME3JAe98mkXDYN2O1l7jmcwMnOslDeESg1rF/OZMtK0nRAhiari1unG5cD4jG3rapUAkLbw==}
    engines: {node: '>=12'}

  tomate-loaders@https://codeload.github.com/Tomate0613/tomate-loaders/tar.gz/e5d7e3478d36bed4ad6438d75f58de25f1cac389:
    resolution: {gitHosted: true, integrity: sha512-B95kqarXgT8StYoyEcwWuWzpNiFkNQxzUNPjP0MzZlis8o52chW+aAzko3h3zYjrnlKGm414151M7MuJgzu1EA==, tarball: https://codeload.github.com/Tomate0613/tomate-loaders/tar.gz/e5d7e3478d36bed4ad6438d75f58de25f1cac389}
    version: 2.0.2

  tslib@2.8.1:
    resolution: {integrity: sha512-oJFu94HQb+KVduSUQL7wnpmqnfmLsOA/nAh6b6EH0wCEoK0/mPeXU6c3wKDV83MkOuHPRHtSXKKU99IBazS/2w==}

  typescript@6.0.3:
    resolution: {integrity: sha512-y2TvuxSZPDyQakkFRPZHKFm+KKVqIisdg9/CZwm9ftvKXLP8NRWj38/ODjNbr43SsoXqNuAisEf1GdCxqWcdBw==}
    engines: {node: '>=14.17'}
    hasBin: true

  undici-types@7.24.6:
    resolution: {integrity: sha512-WRNW+sJgj5OBN4/0JpHFqtqzhpbnV0GuB+OozA9gCL7a993SmU+1JBZCzLNxYsbMfIeDL+lTsphD5jN5N+n0zg==}

  uuid@13.0.2:
    resolution: {integrity: sha512-vzi9uRZ926x4XV73S/4qQaTwPXM2JBj6/6lI/byHH1jOpCzb0zDbfytgA9LcN/hzb2l7WQSQnxITOVx5un/wGw==}
    hasBin: true

  xml2js@0.6.2:
    resolution: {integrity: sha512-T4rieHaC1EXcES0Kxxj4JWgaUQHDk+qwHcYOCFHfiwKz7tOVPLq7Hjq9dM1WCMhylqMEfP7hMcOIChvotiZegA==}
    engines: {node: '>=4.0.0'}

  xmlbuilder@11.0.1:
    resolution: {integrity: sha512-fDlsI/kFEx7gLvbecc0/ohLG50fugQp8ryHzMTuW9vSa1GJ0XYWKnhsUx7oie3G98+r56aTQIUB4kht42R3JvA==}
    engines: {node: '>=4.0'}

snapshots:

  '@types/adm-zip@0.5.8':
    dependencies:
      '@types/node': 25.9.1

  '@types/cli-progress@3.11.6':
    dependencies:
      '@types/node': 25.9.1

  '@types/node@25.9.1':
    dependencies:
      undici-types: 7.24.6

  '@types/node@25.9.4':
    dependencies:
      undici-types: 7.24.6

  '@types/xml2js@0.4.14':
    dependencies:
      '@types/node': 25.9.1

  adm-zip@0.5.17: {}

  agent-base@6.0.2:
    dependencies:
      debug: 4.4.3
    transitivePeerDependencies:
      - supports-color

  ansi-regex@5.0.1: {}

  ansi-regex@6.2.2: {}

  asynckit@0.4.0: {}

  axios@1.16.1:
    dependencies:
      follow-redirects: 1.16.0
      form-data: 4.0.5
      https-proxy-agent: 5.0.1
      proxy-from-env: 2.1.0
    transitivePeerDependencies:
      - debug
      - supports-color

  call-bind-apply-helpers@1.0.2:
    dependencies:
      es-errors: 1.3.0
      function-bind: 1.1.2

  chalk@5.6.2: {}

  cli-progress@3.12.0:
    dependencies:
      string-width: 4.2.3

  combined-stream@1.0.8:
    dependencies:
      delayed-stream: 1.0.0

  debug@4.4.3:
    dependencies:
      ms: 2.1.3

  delayed-stream@1.0.0: {}

  dunder-proto@1.0.1:
    dependencies:
      call-bind-apply-helpers: 1.0.2
      es-errors: 1.3.0
      gopd: 1.2.0

  eastasianwidth@0.2.0: {}

  emoji-regex@8.0.0: {}

  emoji-regex@9.2.2: {}

  es-define-property@1.0.1: {}

  es-errors@1.3.0: {}

  es-object-atoms@1.1.2:
    dependencies:
      es-errors: 1.3.0

  es-set-tostringtag@2.1.0:
    dependencies:
      es-errors: 1.3.0
      get-intrinsic: 1.3.0
      has-tostringtag: 1.0.2
      hasown: 2.0.4

  follow-redirects@1.16.0: {}

  form-data@4.0.5:
    dependencies:
      asynckit: 0.4.0
      combined-stream: 1.0.8
      es-set-tostringtag: 2.1.0
      hasown: 2.0.4
      mime-types: 2.1.35

  function-bind@1.1.2: {}

  get-intrinsic@1.3.0:
    dependencies:
      call-bind-apply-helpers: 1.0.2
      es-define-property: 1.0.1
      es-errors: 1.3.0
      es-object-atoms: 1.1.2
      function-bind: 1.1.2
      get-proto: 1.0.1
      gopd: 1.2.0
      has-symbols: 1.1.0
      hasown: 2.0.4
      math-intrinsics: 1.1.0

  get-proto@1.0.1:
    dependencies:
      dunder-proto: 1.0.1
      es-object-atoms: 1.1.2

  gopd@1.2.0: {}

  has-symbols@1.1.0: {}

  has-tostringtag@1.0.2:
    dependencies:
      has-symbols: 1.1.0

  hasown@2.0.4:
    dependencies:
      function-bind: 1.1.2

  https-proxy-agent@5.0.1:
    dependencies:
      agent-base: 6.0.2
      debug: 4.4.3
    transitivePeerDependencies:
      - supports-color

  is-fullwidth-code-point@3.0.0: {}

  math-intrinsics@1.1.0: {}

  mime-db@1.52.0: {}

  mime-types@2.1.35:
    dependencies:
      mime-db: 1.52.0

  ms@2.1.3: {}

  multi-progress-bars@5.0.3:
    dependencies:
      chalk: 5.6.2
      string-width: 5.1.2
      strip-ansi: 7.0.1

  proxy-from-env@2.1.0: {}

  sax@1.6.0: {}

  string-width@4.2.3:
    dependencies:
      emoji-regex: 8.0.0
      is-fullwidth-code-point: 3.0.0
      strip-ansi: 6.0.1

  string-width@5.1.2:
    dependencies:
      eastasianwidth: 0.2.0
      emoji-regex: 9.2.2
      strip-ansi: 7.0.1

  strip-ansi@6.0.1:
    dependencies:
      ansi-regex: 5.0.1

  strip-ansi@7.0.1:
    dependencies:
      ansi-regex: 6.2.2

  tomate-loaders@https://codeload.github.com/Tomate0613/tomate-loaders/tar.gz/e5d7e3478d36bed4ad6438d75f58de25f1cac389:
    dependencies:
      '@types/xml2js': 0.4.14
      axios: 1.16.1
      xml2js: 0.6.2
    transitivePeerDependencies:
      - debug
      - supports-color

  tslib@2.8.1: {}

  typescript@6.0.3: {}

  undici-types@7.24.6: {}

  uuid@13.0.2: {}

  xml2js@0.6.2:
    dependencies:
      sax: 1.6.0
      xmlbuilder: 11.0.1

  xmlbuilder@11.0.1: {}
